
Microsoft Visual Studio Solution File, Format Version 12.00
# Visual Studio 15
VisualStudioVersion = 15.0.28307.539
MinimumVisualStudioVersion = 10.0.40219.1
Project("{FAE04EC0-301F-11D3-BF4B-00C04F79EFBC}") = "Test API", "Test API\Test API.csproj", "{FE767ED5-30FC-4971-823A-1498F3C008FE}"
EndProject
Global
	GlobalSection(SolutionConfigurationPlatforms) = preSolution
		Debug|Any CPU = Debug|Any CPU
		Release|Any CPU = Release|Any CPU
	EndGlobalSection
	GlobalSection(ProjectConfigurationPlatforms) = postSolution
		{FE767ED5-30FC-4971-823A-1498F3C008FE}.Debug|Any CPU.ActiveCfg = Debug|Any CPU
		{FE767ED5-30FC-4971-823A-1498F3C008FE}.Debug|Any CPU.Build.0 = Debug|Any CPU
		{FE767ED5-30FC-4971-823A-1498F3C008FE}.Release|Any CPU.ActiveCfg = Release|Any CPU
		{FE767ED5-30FC-4971-823A-1498F3C008FE}.Release|Any CPU.Build.0 = Release|Any CPU
	EndGlobalSection
	GlobalSection(SolutionProperties) = preSolution
		HideSolutionNode = FALSE
	EndGlobalSection
	GlobalSection(ExtensibilityGlobals) = postSolution
		SolutionGuid = {2524EC36-CFB5-4E57-9EA9-D59BFD65058D}
	EndGlobalSection
EndGlobal
